
Microsoft Visual Studio Solution File, Format Version 12.00
# Visual Studio Version 17
VisualStudioVersion = 17.2.32630.192
MinimumVisualStudioVersion = 10.0.40219.1
Project("{FAE04EC0-301F-11D3-BF4B-00C04F79EFBC}") = "NotificationService", "NotificationService\NotificationService.csproj", "{A40E4934-37CA-4C10-91FE-603FF95B319D}"
EndProject
Global
	GlobalSection(SolutionConfigurationPlatforms) = preSolution
		Debug|Any CPU = Debug|Any CPU
		Release|Any CPU = Release|Any CPU
	EndGlobalSection
	GlobalSection(ProjectConfigurationPlatforms) = postSolution
		{A40E4934-37CA-4C10-91FE-603FF95B319D}.Debug|Any CPU.ActiveCfg = Debug|Any CPU
		{A40E4934-37CA-4C10-91FE-603FF95B319D}.Debug|Any CPU.Build.0 = Debug|Any CPU
		{A40E4934-37CA-4C10-91FE-603FF95B319D}.Release|Any CPU.ActiveCfg = Release|Any CPU
		{A40E4934-37CA-4C10-91FE-603FF95B319D}.Release|Any CPU.Build.0 = Release|Any CPU
	EndGlobalSection
	GlobalSection(SolutionProperties) = preSolution
		HideSolutionNode = FALSE
	EndGlobalSection
	GlobalSection(ExtensibilityGlobals) = postSolution
		SolutionGuid = {CB4FE164-2219-4016-BDAC-15066066F443}
	EndGlobalSection
EndGlobal
