
Microsoft Visual Studio Solution File, Format Version 12.00
# Visual Studio Version 17
VisualStudioVersion = 17.2.32630.192
MinimumVisualStudioVersion = 10.0.40219.1
Project("{9A19103F-16F7-4668-BE54-9A1E7A4F7556}") = "PMCS.API", "PMCS.API\PMCS.API.csproj", "{DE6187E7-8354-4291-A964-CB9EFAB3BA69}"
EndProject
Project("{9A19103F-16F7-4668-BE54-9A1E7A4F7556}") = "PMCS.DAL", "PMCS.DAL\PMCS.DAL.csproj", "{C28517D8-1618-485D-9C7F-DBF28074CA3D}"
EndProject
Project("{9A19103F-16F7-4668-BE54-9A1E7A4F7556}") = "PMCS.BLL", "PMCS.DLL\PMCS.BLL.csproj", "{664D94AF-2631-44D3-98C5-51499E067812}"
EndProject
Project("{9A19103F-16F7-4668-BE54-9A1E7A4F7556}") = "PMCS.BLL.Tests", "PMCS.BLL.Tests\PMCS.BLL.Tests.csproj", "{1C847442-1F71-419B-84A2-312903E74DAC}"
EndProject
Project("{FAE04EC0-301F-11D3-BF4B-00C04F79EFBC}") = "PMCS.API.Tests", "PMCS.API.Tests\PMCS.API.Tests.csproj", "{EACCF36C-F0BC-41C6-A11D-A2A81C717423}"
EndProject
Global
	GlobalSection(SolutionConfigurationPlatforms) = preSolution
		Debug|Any CPU = Debug|Any CPU
		Release|Any CPU = Release|Any CPU
	EndGlobalSection
	GlobalSection(ProjectConfigurationPlatforms) = postSolution
		{DE6187E7-8354-4291-A964-CB9EFAB3BA69}.Debug|Any CPU.ActiveCfg = Debug|Any CPU
		{DE6187E7-8354-4291-A964-CB9EFAB3BA69}.Debug|Any CPU.Build.0 = Debug|Any CPU
		{DE6187E7-8354-4291-A964-CB9EFAB3BA69}.Release|Any CPU.ActiveCfg = Release|Any CPU
		{DE6187E7-8354-4291-A964-CB9EFAB3BA69}.Release|Any CPU.Build.0 = Release|Any CPU
		{C28517D8-1618-485D-9C7F-DBF28074CA3D}.Debug|Any CPU.ActiveCfg = Debug|Any CPU
		{C28517D8-1618-485D-9C7F-DBF28074CA3D}.Debug|Any CPU.Build.0 = Debug|Any CPU
		{C28517D8-1618-485D-9C7F-DBF28074CA3D}.Release|Any CPU.ActiveCfg = Release|Any CPU
		{C28517D8-1618-485D-9C7F-DBF28074CA3D}.Release|Any CPU.Build.0 = Release|Any CPU
		{664D94AF-2631-44D3-98C5-51499E067812}.Debug|Any CPU.ActiveCfg = Debug|Any CPU
		{664D94AF-2631-44D3-98C5-51499E067812}.Debug|Any CPU.Build.0 = Debug|Any CPU
		{664D94AF-2631-44D3-98C5-51499E067812}.Release|Any CPU.ActiveCfg = Release|Any CPU
		{664D94AF-2631-44D3-98C5-51499E067812}.Release|Any CPU.Build.0 = Release|Any CPU
		{1C847442-1F71-419B-84A2-312903E74DAC}.Debug|Any CPU.ActiveCfg = Debug|Any CPU
		{1C847442-1F71-419B-84A2-312903E74DAC}.Debug|Any CPU.Build.0 = Debug|Any CPU
		{1C847442-1F71-419B-84A2-312903E74DAC}.Release|Any CPU.ActiveCfg = Release|Any CPU
		{1C847442-1F71-419B-84A2-312903E74DAC}.Release|Any CPU.Build.0 = Release|Any CPU
		{EACCF36C-F0BC-41C6-A11D-A2A81C717423}.Debug|Any CPU.ActiveCfg = Debug|Any CPU
		{EACCF36C-F0BC-41C6-A11D-A2A81C717423}.Debug|Any CPU.Build.0 = Debug|Any CPU
		{EACCF36C-F0BC-41C6-A11D-A2A81C717423}.Release|Any CPU.ActiveCfg = Release|Any CPU
		{EACCF36C-F0BC-41C6-A11D-A2A81C717423}.Release|Any CPU.Build.0 = Release|Any CPU
	EndGlobalSection
	GlobalSection(SolutionProperties) = preSolution
		HideSolutionNode = FALSE
	EndGlobalSection
	GlobalSection(ExtensibilityGlobals) = postSolution
		SolutionGuid = {218DB977-152F-4639-AB0E-0AE87AB0832F}
	EndGlobalSection
EndGlobal
