
Microsoft Visual Studio Solution File, Format Version 12.00
# Visual Studio Version 17
VisualStudioVersion = 17.2.32630.192
MinimumVisualStudioVersion = 10.0.40219.1
Project("{FAE04EC0-301F-11D3-BF4B-00C04F79EFBC}") = "Gateway", "Gateway\Gateway.csproj", "{B6F7C0A7-9E92-445C-9D0C-95673D46E898}"
EndProject
Global
	GlobalSection(SolutionConfigurationPlatforms) = preSolution
		Debug|Any CPU = Debug|Any CPU
		Release|Any CPU = Release|Any CPU
	EndGlobalSection
	GlobalSection(ProjectConfigurationPlatforms) = postSolution
		{B6F7C0A7-9E92-445C-9D0C-95673D46E898}.Debug|Any CPU.ActiveCfg = Debug|Any CPU
		{B6F7C0A7-9E92-445C-9D0C-95673D46E898}.Debug|Any CPU.Build.0 = Debug|Any CPU
		{B6F7C0A7-9E92-445C-9D0C-95673D46E898}.Release|Any CPU.ActiveCfg = Release|Any CPU
		{B6F7C0A7-9E92-445C-9D0C-95673D46E898}.Release|Any CPU.Build.0 = Release|Any CPU
	EndGlobalSection
	GlobalSection(SolutionProperties) = preSolution
		HideSolutionNode = FALSE
	EndGlobalSection
	GlobalSection(ExtensibilityGlobals) = postSolution
		SolutionGuid = {A9B76A68-329B-4EB5-8C26-57CAD2B7C50C}
	EndGlobalSection
EndGlobal
