
Microsoft Visual Studio Solution File, Format Version 12.00
# Visual Studio Version 17
VisualStudioVersion = 17.2.32630.192
MinimumVisualStudioVersion = 10.0.40219.1
Project("{FAE04EC0-301F-11D3-BF4B-00C04F79EFBC}") = "Identity", "Identity\Identity.csproj", "{0FC9BA07-B966-4699-A082-07D35B186D90}"
EndProject
Global
	GlobalSection(SolutionConfigurationPlatforms) = preSolution
		Debug|Any CPU = Debug|Any CPU
		Release|Any CPU = Release|Any CPU
	EndGlobalSection
	GlobalSection(ProjectConfigurationPlatforms) = postSolution
		{0FC9BA07-B966-4699-A082-07D35B186D90}.Debug|Any CPU.ActiveCfg = Debug|Any CPU
		{0FC9BA07-B966-4699-A082-07D35B186D90}.Debug|Any CPU.Build.0 = Debug|Any CPU
		{0FC9BA07-B966-4699-A082-07D35B186D90}.Release|Any CPU.ActiveCfg = Release|Any CPU
		{0FC9BA07-B966-4699-A082-07D35B186D90}.Release|Any CPU.Build.0 = Release|Any CPU
	EndGlobalSection
	GlobalSection(SolutionProperties) = preSolution
		HideSolutionNode = FALSE
	EndGlobalSection
	GlobalSection(ExtensibilityGlobals) = postSolution
		SolutionGuid = {54870A81-9F04-4DF5-8051-404B092ED499}
	EndGlobalSection
EndGlobal
