
Microsoft Visual Studio Solution File, Format Version 12.00
# Visual Studio Version 17
VisualStudioVersion = 17.2.32630.192
MinimumVisualStudioVersion = 10.0.40219.1
Project("{9A19103F-16F7-4668-BE54-9A1E7A4F7556}") = "Schedule.API", "Schedule.API\Schedule.API.csproj", "{0D8FFA59-99DA-4269-B767-8FB84163EF51}"
EndProject
Project("{9A19103F-16F7-4668-BE54-9A1E7A4F7556}") = "Schedule.Domain", "Schedule.Domain\Schedule.Domain.csproj", "{95DE8472-EBF6-488C-B91B-EBAC5D84C5EF}"
EndProject
Project("{9A19103F-16F7-4668-BE54-9A1E7A4F7556}") = "Schedule.Infrastructure", "Schedule.Infrastructure\Schedule.Infrastructure.csproj", "{01077173-A5DE-4188-A97A-7640765617FC}"
EndProject
Project("{9A19103F-16F7-4668-BE54-9A1E7A4F7556}") = "Schedule.Application", "Schedule.Application\Schedule.Application.csproj", "{C22A6F4D-76AA-464D-A984-2EBF48F192D8}"
EndProject
Project("{9A19103F-16F7-4668-BE54-9A1E7A4F7556}") = "Schedule.BackgroundTasks", "Schedule.BackgroundTasks\Schedule.BackgroundTasks.csproj", "{7EA8E2DF-A035-4861-8B61-1D220ED20296}"
EndProject
Project("{FAE04EC0-301F-11D3-BF4B-00C04F79EFBC}") = "ScheduleService.InfrastructureTests", "ScheduleService.InfrastructureTests\ScheduleService.InfrastructureTests.csproj", "{B78F4A6B-16C2-4E03-B448-E5E7FA51AE33}"
Project("{FAE04EC0-301F-11D3-BF4B-00C04F79EFBC}") = "ScheduleService.DomainTests", "ScheduleService.DomainTests\ScheduleService.DomainTests.csproj", "{84F97025-8A56-4DA5-8E81-CCB3EA4F5EC2}"
EndProject
Global
	GlobalSection(SolutionConfigurationPlatforms) = preSolution
		Debug|Any CPU = Debug|Any CPU
		Release|Any CPU = Release|Any CPU
	EndGlobalSection
	GlobalSection(ProjectConfigurationPlatforms) = postSolution
		{0D8FFA59-99DA-4269-B767-8FB84163EF51}.Debug|Any CPU.ActiveCfg = Debug|Any CPU
		{0D8FFA59-99DA-4269-B767-8FB84163EF51}.Debug|Any CPU.Build.0 = Debug|Any CPU
		{0D8FFA59-99DA-4269-B767-8FB84163EF51}.Release|Any CPU.ActiveCfg = Release|Any CPU
		{0D8FFA59-99DA-4269-B767-8FB84163EF51}.Release|Any CPU.Build.0 = Release|Any CPU
		{95DE8472-EBF6-488C-B91B-EBAC5D84C5EF}.Debug|Any CPU.ActiveCfg = Debug|Any CPU
		{95DE8472-EBF6-488C-B91B-EBAC5D84C5EF}.Debug|Any CPU.Build.0 = Debug|Any CPU
		{95DE8472-EBF6-488C-B91B-EBAC5D84C5EF}.Release|Any CPU.ActiveCfg = Release|Any CPU
		{95DE8472-EBF6-488C-B91B-EBAC5D84C5EF}.Release|Any CPU.Build.0 = Release|Any CPU
		{01077173-A5DE-4188-A97A-7640765617FC}.Debug|Any CPU.ActiveCfg = Debug|Any CPU
		{01077173-A5DE-4188-A97A-7640765617FC}.Debug|Any CPU.Build.0 = Debug|Any CPU
		{01077173-A5DE-4188-A97A-7640765617FC}.Release|Any CPU.ActiveCfg = Release|Any CPU
		{01077173-A5DE-4188-A97A-7640765617FC}.Release|Any CPU.Build.0 = Release|Any CPU
		{C22A6F4D-76AA-464D-A984-2EBF48F192D8}.Debug|Any CPU.ActiveCfg = Debug|Any CPU
		{C22A6F4D-76AA-464D-A984-2EBF48F192D8}.Debug|Any CPU.Build.0 = Debug|Any CPU
		{C22A6F4D-76AA-464D-A984-2EBF48F192D8}.Release|Any CPU.ActiveCfg = Release|Any CPU
		{C22A6F4D-76AA-464D-A984-2EBF48F192D8}.Release|Any CPU.Build.0 = Release|Any CPU
		{7EA8E2DF-A035-4861-8B61-1D220ED20296}.Debug|Any CPU.ActiveCfg = Debug|Any CPU
		{7EA8E2DF-A035-4861-8B61-1D220ED20296}.Debug|Any CPU.Build.0 = Debug|Any CPU
		{7EA8E2DF-A035-4861-8B61-1D220ED20296}.Release|Any CPU.ActiveCfg = Release|Any CPU
		{7EA8E2DF-A035-4861-8B61-1D220ED20296}.Release|Any CPU.Build.0 = Release|Any CPU
		{B78F4A6B-16C2-4E03-B448-E5E7FA51AE33}.Debug|Any CPU.ActiveCfg = Debug|Any CPU
		{B78F4A6B-16C2-4E03-B448-E5E7FA51AE33}.Debug|Any CPU.Build.0 = Debug|Any CPU
		{B78F4A6B-16C2-4E03-B448-E5E7FA51AE33}.Release|Any CPU.ActiveCfg = Release|Any CPU
		{B78F4A6B-16C2-4E03-B448-E5E7FA51AE33}.Release|Any CPU.Build.0 = Release|Any CPU
		{84F97025-8A56-4DA5-8E81-CCB3EA4F5EC2}.Debug|Any CPU.ActiveCfg = Debug|Any CPU
		{84F97025-8A56-4DA5-8E81-CCB3EA4F5EC2}.Debug|Any CPU.Build.0 = Debug|Any CPU
		{84F97025-8A56-4DA5-8E81-CCB3EA4F5EC2}.Release|Any CPU.ActiveCfg = Release|Any CPU
		{84F97025-8A56-4DA5-8E81-CCB3EA4F5EC2}.Release|Any CPU.Build.0 = Release|Any CPU
	EndGlobalSection
	GlobalSection(SolutionProperties) = preSolution
		HideSolutionNode = FALSE
	EndGlobalSection
	GlobalSection(ExtensibilityGlobals) = postSolution
		SolutionGuid = {835BCD5F-FC62-48C5-A726-1BE99F6D607D}
	EndGlobalSection
EndGlobal
