
Microsoft Visual Studio Solution File, Format Version 12.00
# Visual Studio Version 17
VisualStudioVersion = 17.2.32630.192
MinimumVisualStudioVersion = 10.0.40219.1
Project("{FAE04EC0-301F-11D3-BF4B-00C04F79EFBC}") = "Schedule.API", "Schedule.API\Schedule.API.csproj", "{0D8FFA59-99DA-4269-B767-8FB84163EF51}"
EndProject
Global
	GlobalSection(SolutionConfigurationPlatforms) = preSolution
		Debug|Any CPU = Debug|Any CPU
		Release|Any CPU = Release|Any CPU
	EndGlobalSection
	GlobalSection(ProjectConfigurationPlatforms) = postSolution
		{0D8FFA59-99DA-4269-B767-8FB84163EF51}.Debug|Any CPU.ActiveCfg = Debug|Any CPU
		{0D8FFA59-99DA-4269-B767-8FB84163EF51}.Debug|Any CPU.Build.0 = Debug|Any CPU
		{0D8FFA59-99DA-4269-B767-8FB84163EF51}.Release|Any CPU.ActiveCfg = Release|Any CPU
		{0D8FFA59-99DA-4269-B767-8FB84163EF51}.Release|Any CPU.Build.0 = Release|Any CPU
	EndGlobalSection
	GlobalSection(SolutionProperties) = preSolution
		HideSolutionNode = FALSE
	EndGlobalSection
	GlobalSection(ExtensibilityGlobals) = postSolution
		SolutionGuid = {835BCD5F-FC62-48C5-A726-1BE99F6D607D}
	EndGlobalSection
EndGlobal
