
Microsoft Visual Studio Solution File, Format Version 12.00
# Visual Studio Version 17
VisualStudioVersion = 17.2.32630.192
MinimumVisualStudioVersion = 10.0.40219.1
Project("{FAE04EC0-301F-11D3-BF4B-00C04F79EFBC}") = "NotificationService", "NotificationService\NotificationService.csproj", "{502C8199-08A7-4B75-98F4-72F4759E9DFF}"
EndProject
Global
	GlobalSection(SolutionConfigurationPlatforms) = preSolution
		Debug|Any CPU = Debug|Any CPU
		Release|Any CPU = Release|Any CPU
	EndGlobalSection
	GlobalSection(ProjectConfigurationPlatforms) = postSolution
		{502C8199-08A7-4B75-98F4-72F4759E9DFF}.Debug|Any CPU.ActiveCfg = Debug|Any CPU
		{502C8199-08A7-4B75-98F4-72F4759E9DFF}.Debug|Any CPU.Build.0 = Debug|Any CPU
		{502C8199-08A7-4B75-98F4-72F4759E9DFF}.Release|Any CPU.ActiveCfg = Release|Any CPU
		{502C8199-08A7-4B75-98F4-72F4759E9DFF}.Release|Any CPU.Build.0 = Release|Any CPU
	EndGlobalSection
	GlobalSection(SolutionProperties) = preSolution
		HideSolutionNode = FALSE
	EndGlobalSection
	GlobalSection(ExtensibilityGlobals) = postSolution
		SolutionGuid = {19B2BFB5-9B18-404D-82EF-9B3560DE2EEE}
	EndGlobalSection
EndGlobal
